<?xml version="1.0" encoding="utf-8"?>
<Project ToolsVersion="4.0" xmlns="http://schemas.microsoft.com/developer/msbuild/2003">
  <ItemGroup>
    <Filter Include="ソース ファイル">
      <UniqueIdentifier>{4FC737F1-C7A5-4376-A066-2A32D752A2FF}</UniqueIdentifier>
      <Extensions>cpp;c;cc;cxx;c++;def;odl;idl;hpj;bat;asm;asmx</Extensions>
    </Filter>
    <Filter Include="ヘッダー ファイル">
      <UniqueIdentifier>{93995380-89BD-4b04-88EB-625FBE52EBFB}</UniqueIdentifier>
      <Extensions>h;hh;hpp;hxx;h++;hm;inl;inc;ipp;xsd</Extensions>
    </Filter>
    <Filter Include="リソース ファイル">
      <UniqueIdentifier>{67DA6AB6-F800-4c08-8B7A-83BB121AAD01}</UniqueIdentifier>
      <Extensions>rc;ico;cur;bmp;dlg;rc2;rct;bin;rgs;gif;jpg;jpeg;jpe;resx;tiff;tif;png;wav;mfcribbon-ms</Extensions>
    </Filter>
    <Filter Include="ソース ファイル\imgui">
      <UniqueIdentifier>{96f61fed-3888-4bc6-b86d-efedbbc846ee}</UniqueIdentifier>
    </Filter>
  </ItemGroup>
  <ItemGroup>
    <ClCompile Include="main.cpp">
      <Filter>ソース ファイル</Filter>
    </ClCompile>
    <ClCompile Include="Application.cpp">
      <Filter>ソース ファイル</Filter>
    </ClCompile>
    <ClCompile Include="ModelImporter.cpp">
      <Filter>ソース ファイル</Filter>
    </ClCompile>
    <ClCompile Include="WindowManager.cpp">
      <Filter>ソース ファイル</Filter>
    </ClCompile>
    <ClCompile Include="Renderer\DX12GraphicsDevice.cpp">
      <Filter>ソース ファイル</Filter>
    </ClCompile>
    <ClCompile Include="Renderer\Model.cpp">
      <Filter>ソース ファイル</Filter>
    </ClCompile>
    <ClCompile Include="Renderer\DX12PipelineState.cpp">
      <Filter>ソース ファイル</Filter>
    </ClCompile>
    <ClCompile Include="Renderer\DX12RootSignature.cpp">
      <Filter>ソース ファイル</Filter>
    </ClCompile>
    <ClCompile Include="Renderer\Shader.cpp">
      <Filter>ソース ファイル</Filter>
    </ClCompile>
    <ClCompile Include="Renderer\DX12ConstantBuffer.cpp">
      <Filter>ソース ファイル</Filter>
    </ClCompile>
    <ClCompile Include="Renderer\DX12DescriptorHeap.cpp">
      <Filter>ソース ファイル</Filter>
    </ClCompile>
    <ClCompile Include="Renderer\DX12ShaderResource.cpp">
      <Filter>ソース ファイル</Filter>
    </ClCompile>
    <ClCompile Include="..\external\imgui\imgui.cpp">
      <Filter>ソース ファイル\imgui</Filter>
    </ClCompile>
    <ClCompile Include="..\external\imgui\imgui_demo.cpp">
      <Filter>ソース ファイル\imgui</Filter>
    </ClCompile>
    <ClCompile Include="..\external\imgui\imgui_draw.cpp">
      <Filter>ソース ファイル\imgui</Filter>
    </ClCompile>
    <ClCompile Include="..\external\imgui\imgui_tables.cpp">
      <Filter>ソース ファイル\imgui</Filter>
    </ClCompile>
    <ClCompile Include="..\external\imgui\imgui_widgets.cpp">
      <Filter>ソース ファイル\imgui</Filter>
    </ClCompile>
    <ClCompile Include="..\external\imgui\backends\imgui_impl_dx12.cpp">
      <Filter>ソース ファイル\imgui</Filter>
    </ClCompile>
    <ClCompile Include="..\external\imgui\backends\imgui_impl_win32.cpp">
      <Filter>ソース ファイル\imgui</Filter>
    </ClCompile>
  </ItemGroup>
  <ItemGroup>
    <ClInclude Include="Application.h">
      <Filter>ソース ファイル</Filter>
    </ClInclude>
    <ClInclude Include="ModelImporter.h">
      <Filter>ソース ファイル</Filter>
    </ClInclude>
    <ClInclude Include="WindowManager.h">
      <Filter>ソース ファイル</Filter>
    </ClInclude>
    <ClInclude Include="Renderer\DX12GraphicsDevice.h">
      <Filter>ソース ファイル</Filter>
    </ClInclude>
    <ClInclude Include="Renderer\Model.h">
      <Filter>ソース ファイル</Filter>
    </ClInclude>
    <ClInclude Include="Renderer\DX12PipelineState.h">
      <Filter>ソース ファイル</Filter>
    </ClInclude>
    <ClInclude Include="Renderer\DX12RootSignature.h">
      <Filter>ソース ファイル</Filter>
    </ClInclude>
    <ClInclude Include="Renderer\Shader.h">
      <Filter>ソース ファイル</Filter>
    </ClInclude>
    <ClInclude Include="Renderer\DX12ConstantBuffer.h">
      <Filter>ソース ファイル</Filter>
    </ClInclude>
    <ClInclude Include="Renderer\DX12DescriptorHeap.h">
      <Filter>ソース ファイル</Filter>
    </ClInclude>
    <ClInclude Include="Renderer\DX12ShaderResource.h">
      <Filter>ソース ファイル</Filter>
    </ClInclude>
    <ClInclude Include="Types.h">
      <Filter>ソース ファイル</Filter>
    </ClInclude>
    <ClInclude Include="Common.h">
      <Filter>ソース ファイル</Filter>
    </ClInclude>
    <ClInclude Include="..\external\imgui\imconfig.h">
      <Filter>ソース ファイル\imgui</Filter>
    </ClInclude>
    <ClInclude Include="..\external\imgui\imgui.h">
      <Filter>ソース ファイル\imgui</Filter>
    </ClInclude>
    <ClInclude Include="..\external\imgui\imgui_internal.h">
      <Filter>ソース ファイル\imgui</Filter>
    </ClInclude>
    <ClInclude Include="..\external\imgui\imstb_rectpack.h">
      <Filter>ソース ファイル\imgui</Filter>
    </ClInclude>
    <ClInclude Include="..\external\imgui\imstb_textedit.h">
      <Filter>ソース ファイル\imgui</Filter>
    </ClInclude>
    <ClInclude Include="..\external\imgui\imstb_truetype.h">
      <Filter>ソース ファイル\imgui</Filter>
    </ClInclude>
    <ClInclude Include="..\external\imgui\backends\imgui_impl_dx12.h">
      <Filter>ソース ファイル\imgui</Filter>
    </ClInclude>
    <ClInclude Include="..\external\imgui\backends\imgui_impl_win32.h">
      <Filter>ソース ファイル\imgui</Filter>
    </ClInclude>
  </ItemGroup>
  <ItemGroup>
    <FxCompile Include="shaders\BasicShader.hlsl">
      <Filter>リソース ファイル</Filter>
    </FxCompile>
    <FxCompile Include="shaders\CanvasShader.hlsl">
      <Filter>リソース ファイル</Filter>
    </FxCompile>
    <FxCompile Include="shaders\SkinningCS.hlsl">
      <Filter>リソース ファイル</Filter>
    </FxCompile>
  </ItemGroup>
</Project>